
Microsoft Visual Studio Solution File, Format Version 12.00
# Visual Studio Version 17
VisualStudioVersion = 17.6.33829.357
MinimumVisualStudioVersion = 10.0.40219.1
Project("{9A19103F-16F7-4668-BE54-9A1E7A4F7556}") = "BookStoreWebApi", "BookStoreWebApi\BookStoreWebApi.csproj", "{1FF07797-2B15-493A-869A-E8BE5DA9551C}"
EndProject
Project("{9A19103F-16F7-4668-BE54-9A1E7A4F7556}") = "BookStoreWebApi.UnitTests", "Tests\BookStoreWebApi.UnitTests\BookStoreWebApi.UnitTests.csproj", "{9AFE7D16-F14A-4E30-B729-59664522FAC4}"
EndProject
Global
	GlobalSection(SolutionConfigurationPlatforms) = preSolution
		Debug|Any CPU = Debug|Any CPU
		Release|Any CPU = Release|Any CPU
	EndGlobalSection
	GlobalSection(ProjectConfigurationPlatforms) = postSolution
		{1FF07797-2B15-493A-869A-E8BE5DA9551C}.Debug|Any CPU.ActiveCfg = Debug|Any CPU
		{1FF07797-2B15-493A-869A-E8BE5DA9551C}.Debug|Any CPU.Build.0 = Debug|Any CPU
		{1FF07797-2B15-493A-869A-E8BE5DA9551C}.Release|Any CPU.ActiveCfg = Release|Any CPU
		{1FF07797-2B15-493A-869A-E8BE5DA9551C}.Release|Any CPU.Build.0 = Release|Any CPU
		{9AFE7D16-F14A-4E30-B729-59664522FAC4}.Debug|Any CPU.ActiveCfg = Debug|Any CPU
		{9AFE7D16-F14A-4E30-B729-59664522FAC4}.Debug|Any CPU.Build.0 = Debug|Any CPU
		{9AFE7D16-F14A-4E30-B729-59664522FAC4}.Release|Any CPU.ActiveCfg = Release|Any CPU
		{9AFE7D16-F14A-4E30-B729-59664522FAC4}.Release|Any CPU.Build.0 = Release|Any CPU
	EndGlobalSection
	GlobalSection(SolutionProperties) = preSolution
		HideSolutionNode = FALSE
	EndGlobalSection
	GlobalSection(ExtensibilityGlobals) = postSolution
		SolutionGuid = {418A72BE-6E06-4BE5-9395-22E53B4ABBE4}
	EndGlobalSection
EndGlobal
